
Microsoft Visual Studio Solution File, Format Version 12.00
# Visual Studio Version 16
VisualStudioVersion = 16.0.29709.97
MinimumVisualStudioVersion = 10.0.40219.1
Project("{FAE04EC0-301F-11D3-BF4B-00C04F79EFBC}") = "bookcrud", "bookcrud.csproj", "{217A404D-14F8-4CF6-89E1-C7C153E0E0BC}"
EndProject
Global
	GlobalSection(SolutionConfigurationPlatforms) = preSolution
		Debug|Any CPU = Debug|Any CPU
		Release|Any CPU = Release|Any CPU
	EndGlobalSection
	GlobalSection(ProjectConfigurationPlatforms) = postSolution
		{217A404D-14F8-4CF6-89E1-C7C153E0E0BC}.Debug|Any CPU.ActiveCfg = Debug|Any CPU
		{217A404D-14F8-4CF6-89E1-C7C153E0E0BC}.Debug|Any CPU.Build.0 = Debug|Any CPU
		{217A404D-14F8-4CF6-89E1-C7C153E0E0BC}.Release|Any CPU.ActiveCfg = Release|Any CPU
		{217A404D-14F8-4CF6-89E1-C7C153E0E0BC}.Release|Any CPU.Build.0 = Release|Any CPU
	EndGlobalSection
	GlobalSection(SolutionProperties) = preSolution
		HideSolutionNode = FALSE
	EndGlobalSection
	GlobalSection(ExtensibilityGlobals) = postSolution
		SolutionGuid = {3A18A666-697C-4D50-B79C-20D5DEDBE6B1}
	EndGlobalSection
EndGlobal
